{
  "nodes": {
    "hardware": {
      "locked": {
        "lastModified": 1678095239,
        "narHash": "sha256-4F6jovFJcwh6OkMsY94ZrHdrvVqZi1FX5pYv6V9LIQw=",
        "owner": "nixos",
        "repo": "nixos-hardware",
        "rev": "f6610997b0fc5ea5f9e142c348fca27497efe1c7",
        "type": "github"
      },
      "original": {
        "owner": "nixos",
        "repo": "nixos-hardware",
        "type": "github"
      }
    },
    "home-manager": {
      "inputs": {
        "nixpkgs": [
          "nixpkgs"
        ],
        "utils": "utils"
      },
      "locked": {
        "lastModified": 1678271387,
        "narHash": "sha256-H2dv/i1LRlunRtrESirELzfPWdlG/6ElDB1ksO529H4=",
        "owner": "nix-community",
        "repo": "home-manager",
        "rev": "36999b8d19eb6eebb41983ef017d7e0095316af2",
        "type": "github"
      },
      "original": {
        "owner": "nix-community",
        "repo": "home-manager",
        "type": "github"
      }
    },
    "nixos-hardware": {
      "locked": {
        "lastModified": 1676775543,
        "narHash": "sha256-VI0e60l94RY9Sc90OwDZpOf/nyLy41n2ULK6I6YkoP8=",
        "path": "/nix/store/vajw3m3awkvn71ih2n6yjxi5hj839zmj-source",
        "rev": "525177a78023e1363bee482f520d4f2471ada03a",
        "type": "path"
      },
      "original": {
        "id": "nixos-hardware",
        "type": "indirect"
      }
    },
    "nixpkgs": {
      "locked": {
        "lastModified": 1678201391,
        "narHash": "sha256-dX4z2oSJ5UKzY5wb5HX2VaPP08DPWZ6B7EHzOJfP7GM=",
        "owner": "nixos",
        "repo": "nixpkgs",
        "rev": "c707238dc262923da5a53a5a11914117caac07a2",
        "type": "github"
      },
      "original": {
        "owner": "nixos",
        "ref": "nixos-unstable",
        "repo": "nixpkgs",
        "type": "github"
      }
    },
    "root": {
      "inputs": {
        "hardware": "hardware",
        "home-manager": "home-manager",
        "nixos-hardware": "nixos-hardware",
        "nixpkgs": "nixpkgs"
      }
    },
    "utils": {
      "locked": {
        "lastModified": 1676283394,
        "narHash": "sha256-XX2f9c3iySLCw54rJ/CZs+ZK6IQy7GXNY4nSOyu2QG4=",
        "owner": "numtide",
        "repo": "flake-utils",
        "rev": "3db36a8b464d0c4532ba1c7dda728f4576d6d073",
        "type": "github"
      },
      "original": {
        "owner": "numtide",
        "repo": "flake-utils",
        "type": "github"
      }
    }
  },
  "root": "root",
  "version": 7
}
